// !$*UTF8*$!
{
	archiveVersion = 1;
	classes = {
	};
	objectVersion = 50;
	objects = {

/* Begin PBXBuildFile section */
		29673DB6C61741307971DF53 /* Pods_parla.framework in Frameworks */ = {isa = PBXBuildFile; fileRef = 5226119F2285EF2A00AA703E /* Pods_parla.framework */; };
		361AE318ACE789F3A2AAD5D3 /* Pods_ParlaKit.framework in Frameworks */ = {isa = PBXBuildFile; fileRef = 5E75CA4B14BF60DEDB17CBFC /* Pods_ParlaKit.framework */; };
		520906FB228AEC84001BC7A8 /* UIPaintableImageView.xib in Resources */ = {isa = PBXBuildFile; fileRef = 520906FA228AEC84001BC7A8 /* UIPaintableImageView.xib */; };
		520906FD228AF4FB001BC7A8 /* UIPaintView.swift in Sources */ = {isa = PBXBuildFile; fileRef = 520906FC228AF4FB001BC7A8 /* UIPaintView.swift */; };
		52090702228B0CB8001BC7A8 /* TestViewController.swift in Sources */ = {isa = PBXBuildFile; fileRef = 52090701228B0CB8001BC7A8 /* TestViewController.swift */; };
		52090703228B2782001BC7A8 /* UIPaintView.swift in Sources */ = {isa = PBXBuildFile; fileRef = 520906FC228AF4FB001BC7A8 /* UIPaintView.swift */; };
		52090704228B2785001BC7A8 /* UIPaintableImageView.swift in Sources */ = {isa = PBXBuildFile; fileRef = 52B15A152289F9F200690FC8 /* UIPaintableImageView.swift */; };
		52090705228B2798001BC7A8 /* VoiceRecorder.swift in Sources */ = {isa = PBXBuildFile; fileRef = 52F7C70E2288275000459833 /* VoiceRecorder.swift */; };
		52090706228B2798001BC7A8 /* VoicePlayer.swift in Sources */ = {isa = PBXBuildFile; fileRef = 52F7C7102288300B00459833 /* VoicePlayer.swift */; };
		52090707228B27F9001BC7A8 /* UIPaintableImageView.xib in Resources */ = {isa = PBXBuildFile; fileRef = 520906FA228AEC84001BC7A8 /* UIPaintableImageView.xib */; };
		5226115D22857B1D00AA703E /* MediaPicker.swift in Sources */ = {isa = PBXBuildFile; fileRef = 5226115C22857B1D00AA703E /* MediaPicker.swift */; };
		5226115F228587FD00AA703E /* AccessoryActionChooser.swift in Sources */ = {isa = PBXBuildFile; fileRef = 5226115E228587FD00AA703E /* AccessoryActionChooser.swift */; };
		522611732285EA4E00AA703E /* ParlaKitTests.swift in Sources */ = {isa = PBXBuildFile; fileRef = 522611722285EA4E00AA703E /* ParlaKitTests.swift */; };
		522611752285EA4E00AA703E /* ParlaKit.h in Headers */ = {isa = PBXBuildFile; fileRef = 522611672285EA4E00AA703E /* ParlaKit.h */; settings = {ATTRIBUTES = (Public, ); }; };
		5226117C2285EA6200AA703E /* SenderLogic.swift in Sources */ = {isa = PBXBuildFile; fileRef = 52FB4DC22284155B001BF14E /* SenderLogic.swift */; };
		5226117D2285EA6200AA703E /* MessageLogic.swift in Sources */ = {isa = PBXBuildFile; fileRef = 52FB4DC622841875001BF14E /* MessageLogic.swift */; };
		5226117E2285EA6200AA703E /* Parla.swift in Sources */ = {isa = PBXBuildFile; fileRef = 52FB4DCA22841A60001BF14E /* Parla.swift */; };
		5226117F2285EA6200AA703E /* ParlaView.swift in Sources */ = {isa = PBXBuildFile; fileRef = 52FB4DCE228433F6001BF14E /* ParlaView.swift */; };
		522611802285EA6200AA703E /* MessageCell.swift in Sources */ = {isa = PBXBuildFile; fileRef = 52FB4DD0228439DC001BF14E /* MessageCell.swift */; };
		522611822285EA6200AA703E /* ImageViewer.swift in Sources */ = {isa = PBXBuildFile; fileRef = 52FB4DCC22842D67001BF14E /* ImageViewer.swift */; };
		522611832285EA6200AA703E /* VideoPlayer.swift in Sources */ = {isa = PBXBuildFile; fileRef = 52FB4DD42284AAB0001BF14E /* VideoPlayer.swift */; };
		522611842285EA6200AA703E /* MediaPicker.swift in Sources */ = {isa = PBXBuildFile; fileRef = 5226115C22857B1D00AA703E /* MediaPicker.swift */; };
		522611852285EA6200AA703E /* AccessoryActionChooser.swift in Sources */ = {isa = PBXBuildFile; fileRef = 5226115E228587FD00AA703E /* AccessoryActionChooser.swift */; };
		522611862285EAB700AA703E /* IncomingImageMessageCell.xib in Resources */ = {isa = PBXBuildFile; fileRef = 527994A42282E96300ACB791 /* IncomingImageMessageCell.xib */; };
		522611872285EAB700AA703E /* IncomingVideoMessageCell.xib in Resources */ = {isa = PBXBuildFile; fileRef = 52FB4DD82284AED0001BF14E /* IncomingVideoMessageCell.xib */; };
		522611882285EAB700AA703E /* IncomingTextMessageCell.xib in Resources */ = {isa = PBXBuildFile; fileRef = 527994A12282E96300ACB791 /* IncomingTextMessageCell.xib */; };
		522611892285EAB700AA703E /* OutgoingImageMessageCell.xib in Resources */ = {isa = PBXBuildFile; fileRef = 527994A32282E96300ACB791 /* OutgoingImageMessageCell.xib */; };
		5226118A2285EAB700AA703E /* OutgoingVideoMessageCell.xib in Resources */ = {isa = PBXBuildFile; fileRef = 52FB4DD62284AE89001BF14E /* OutgoingVideoMessageCell.xib */; };
		5226118B2285EAB700AA703E /* OutgoingTextMessageCell.xib in Resources */ = {isa = PBXBuildFile; fileRef = 527994A52282E96300ACB791 /* OutgoingTextMessageCell.xib */; };
		5226118C2285EAB700AA703E /* ParlaCollectionView.xib in Resources */ = {isa = PBXBuildFile; fileRef = 527994A22282E96300ACB791 /* ParlaCollectionView.xib */; };
		5226118D2285EAB700AA703E /* VoiceMessageCellIncoming.xib in Resources */ = {isa = PBXBuildFile; fileRef = 527994AB2283079800ACB791 /* VoiceMessageCellIncoming.xib */; };
		5226118F2285EBAC00AA703E /* Assets.xcassets in Resources */ = {isa = PBXBuildFile; fileRef = 527994482282C94700ACB791 /* Assets.xcassets */; };
		522611982285EDAF00AA703E /* ParlaKit.framework in Frameworks */ = {isa = PBXBuildFile; fileRef = 522611652285EA4E00AA703E /* ParlaKit.framework */; };
		522611A12285F13100AA703E /* Extensions.swift in Sources */ = {isa = PBXBuildFile; fileRef = 527994792282CAA500ACB791 /* Extensions.swift */; };
		522611A22285F13300AA703E /* UIPaddingLabel.swift in Sources */ = {isa = PBXBuildFile; fileRef = 5279947A2282CAA500ACB791 /* UIPaddingLabel.swift */; };
		522611CE228614C600AA703E /* SKPhotoBrowser.framework in CopyFiles */ = {isa = PBXBuildFile; fileRef = 522611CC228614C600AA703E /* SKPhotoBrowser.framework */; settings = {ATTRIBUTES = (CodeSignOnCopy, RemoveHeadersOnCopy, ); }; };
		522611CF228614C600AA703E /* MobilePlayer.framework in CopyFiles */ = {isa = PBXBuildFile; fileRef = 522611CD228614C600AA703E /* MobilePlayer.framework */; settings = {ATTRIBUTES = (CodeSignOnCopy, RemoveHeadersOnCopy, ); }; };
		523D8C88228C651F00EE3736 /* MapImageGenerator.swift in Sources */ = {isa = PBXBuildFile; fileRef = 523D8C87228C651F00EE3736 /* MapImageGenerator.swift */; };
		52710E3D228F3F330003D634 /* domenico.jpeg in Resources */ = {isa = PBXBuildFile; fileRef = 52710E3C228F3F330003D634 /* domenico.jpeg */; };
		52710E3F228F42420003D634 /* chiara.jpg in Resources */ = {isa = PBXBuildFile; fileRef = 52710E3E228F42420003D634 /* chiara.jpg */; };
		52710E42228F43FD0003D634 /* mondello-beach.jpg in Resources */ = {isa = PBXBuildFile; fileRef = 52710E41228F43FD0003D634 /* mondello-beach.jpg */; };
		52710E43228F443E0003D634 /* mondello.mp4 in Resources */ = {isa = PBXBuildFile; fileRef = 52710E40228F436E0003D634 /* mondello.mp4 */; };
		52710E45228F56A00003D634 /* Simulator Screen Shot - iPhone Xʀ - 2019-05-17 at 22.45.52.png in Resources */ = {isa = PBXBuildFile; fileRef = 52710E44228F56A00003D634 /* Simulator Screen Shot - iPhone Xʀ - 2019-05-17 at 22.45.52.png */; };
		52710E47228F59030003D634 /* Simulator Screen Shot - iPhone Xʀ - 2019-05-17 at 23.02.21.png in Resources */ = {isa = PBXBuildFile; fileRef = 52710E46228F59030003D634 /* Simulator Screen Shot - iPhone Xʀ - 2019-05-17 at 23.02.21.png */; };
		527994422282C94500ACB791 /* AppDelegate.swift in Sources */ = {isa = PBXBuildFile; fileRef = 527994412282C94500ACB791 /* AppDelegate.swift */; };
		527994472282C94500ACB791 /* Main.storyboard in Resources */ = {isa = PBXBuildFile; fileRef = 527994452282C94500ACB791 /* Main.storyboard */; };
		527994492282C94700ACB791 /* Assets.xcassets in Resources */ = {isa = PBXBuildFile; fileRef = 527994482282C94700ACB791 /* Assets.xcassets */; };
		5279944C2282C94700ACB791 /* LaunchScreen.storyboard in Resources */ = {isa = PBXBuildFile; fileRef = 5279944A2282C94700ACB791 /* LaunchScreen.storyboard */; };
		527994572282C94700ACB791 /* parlaTests.swift in Sources */ = {isa = PBXBuildFile; fileRef = 527994562282C94700ACB791 /* parlaTests.swift */; };
		5279946C2282CA3D00ACB791 /* avatarDefault.png in Resources */ = {isa = PBXBuildFile; fileRef = 527994622282CA3C00ACB791 /* avatarDefault.png */; };
		5279946D2282CA3D00ACB791 /* play100.png in Resources */ = {isa = PBXBuildFile; fileRef = 527994632282CA3C00ACB791 /* play100.png */; };
		5279946E2282CA3D00ACB791 /* video.mp4 in Resources */ = {isa = PBXBuildFile; fileRef = 527994642282CA3D00ACB791 /* video.mp4 */; };
		5279946F2282CA3D00ACB791 /* play_blu.png in Resources */ = {isa = PBXBuildFile; fileRef = 527994652282CA3D00ACB791 /* play_blu.png */; };
		527994702282CA3D00ACB791 /* pause100.png in Resources */ = {isa = PBXBuildFile; fileRef = 527994662282CA3D00ACB791 /* pause100.png */; };
		527994712282CA3D00ACB791 /* doc.jpg in Resources */ = {isa = PBXBuildFile; fileRef = 527994672282CA3D00ACB791 /* doc.jpg */; };
		527994722282CA3D00ACB791 /* Imagine.mp3 in Resources */ = {isa = PBXBuildFile; fileRef = 527994682282CA3D00ACB791 /* Imagine.mp3 */; };
		527994732282CA3D00ACB791 /* play.png in Resources */ = {isa = PBXBuildFile; fileRef = 527994692282CA3D00ACB791 /* play.png */; };
		527994742282CA3D00ACB791 /* play40.png in Resources */ = {isa = PBXBuildFile; fileRef = 5279946A2282CA3D00ACB791 /* play40.png */; };
		527994752282CA3D00ACB791 /* Microphone-100.png in Resources */ = {isa = PBXBuildFile; fileRef = 5279946B2282CA3D00ACB791 /* Microphone-100.png */; };
		527994852282CAA600ACB791 /* SConfig.swift in Sources */ = {isa = PBXBuildFile; fileRef = 527994782282CAA500ACB791 /* SConfig.swift */; };
		527994862282CAA600ACB791 /* Extensions.swift in Sources */ = {isa = PBXBuildFile; fileRef = 527994792282CAA500ACB791 /* Extensions.swift */; };
		527994872282CAA600ACB791 /* UIPaddingLabel.swift in Sources */ = {isa = PBXBuildFile; fileRef = 5279947A2282CAA500ACB791 /* UIPaddingLabel.swift */; };
		527994882282CAA600ACB791 /* ViewHolder.swift in Sources */ = {isa = PBXBuildFile; fileRef = 5279947B2282CAA600ACB791 /* ViewHolder.swift */; };
		527994892282CAA600ACB791 /* SSender.swift in Sources */ = {isa = PBXBuildFile; fileRef = 5279947C2282CAA600ACB791 /* SSender.swift */; };
		5279948A2282CAA600ACB791 /* AbstractBubble.swift in Sources */ = {isa = PBXBuildFile; fileRef = 5279947D2282CAA600ACB791 /* AbstractBubble.swift */; };
		5279948B2282CAA600ACB791 /* BubbleTextViewHolder.swift in Sources */ = {isa = PBXBuildFile; fileRef = 5279947E2282CAA600ACB791 /* BubbleTextViewHolder.swift */; };
		5279948C2282CAA600ACB791 /* BubbleViewCell.swift in Sources */ = {isa = PBXBuildFile; fileRef = 5279947F2282CAA600ACB791 /* BubbleViewCell.swift */; };
		5279948D2282CAA600ACB791 /* SMessage.swift in Sources */ = {isa = PBXBuildFile; fileRef = 527994802282CAA600ACB791 /* SMessage.swift */; };
		5279948E2282CAA600ACB791 /* CellSizeCalculator.swift in Sources */ = {isa = PBXBuildFile; fileRef = 527994812282CAA600ACB791 /* CellSizeCalculator.swift */; };
		5279948F2282CAA600ACB791 /* BubbleImageViewHolder.swift in Sources */ = {isa = PBXBuildFile; fileRef = 527994822282CAA600ACB791 /* BubbleImageViewHolder.swift */; };
		527994902282CAA600ACB791 /* BubbleDataSource.swift in Sources */ = {isa = PBXBuildFile; fileRef = 527994832282CAA600ACB791 /* BubbleDataSource.swift */; };
		527994942282CAC500ACB791 /* CellBubble.swift in Sources */ = {isa = PBXBuildFile; fileRef = 527994912282CAC400ACB791 /* CellBubble.swift */; };
		527994952282CAC500ACB791 /* ChatViewController.swift in Sources */ = {isa = PBXBuildFile; fileRef = 527994922282CAC400ACB791 /* ChatViewController.swift */; };
		527994962282CAC500ACB791 /* ViewController.swift in Sources */ = {isa = PBXBuildFile; fileRef = 527994932282CAC500ACB791 /* ViewController.swift */; };
		527994992282CAFC00ACB791 /* DebuggingStuff.swift in Sources */ = {isa = PBXBuildFile; fileRef = 527994972282CAFC00ACB791 /* DebuggingStuff.swift */; };
		5279949C2282D11A00ACB791 /* BubbleDelegate.swift in Sources */ = {isa = PBXBuildFile; fileRef = 5279949B2282D11A00ACB791 /* BubbleDelegate.swift */; };
		527994A62282E96300ACB791 /* IncomingTextMessageCell.xib in Resources */ = {isa = PBXBuildFile; fileRef = 527994A12282E96300ACB791 /* IncomingTextMessageCell.xib */; };
		527994A72282E96300ACB791 /* ParlaCollectionView.xib in Resources */ = {isa = PBXBuildFile; fileRef = 527994A22282E96300ACB791 /* ParlaCollectionView.xib */; };
		527994A82282E96300ACB791 /* OutgoingImageMessageCell.xib in Resources */ = {isa = PBXBuildFile; fileRef = 527994A32282E96300ACB791 /* OutgoingImageMessageCell.xib */; };
		527994A92282E96300ACB791 /* IncomingImageMessageCell.xib in Resources */ = {isa = PBXBuildFile; fileRef = 527994A42282E96300ACB791 /* IncomingImageMessageCell.xib */; };
		527994AA2282E96300ACB791 /* OutgoingTextMessageCell.xib in Resources */ = {isa = PBXBuildFile; fileRef = 527994A52282E96300ACB791 /* OutgoingTextMessageCell.xib */; };
		527994AC2283079800ACB791 /* VoiceMessageCellIncoming.xib in Resources */ = {isa = PBXBuildFile; fileRef = 527994AB2283079800ACB791 /* VoiceMessageCellIncoming.xib */; };
		52B15A1422897B6800690FC8 /* DrawingViewController.swift in Sources */ = {isa = PBXBuildFile; fileRef = 52B15A1322897B6800690FC8 /* DrawingViewController.swift */; };
		52B15A162289F9F200690FC8 /* UIPaintableImageView.swift in Sources */ = {isa = PBXBuildFile; fileRef = 52B15A152289F9F200690FC8 /* UIPaintableImageView.swift */; };
		52BB818E228D71BD00D3904C /* UIMicrophoneView.swift in Sources */ = {isa = PBXBuildFile; fileRef = 52BB818D228D71BD00D3904C /* UIMicrophoneView.swift */; };
		52E6D2C2228FDF5D00A8D6C2 /* ParlaInputToolbar.swift in Sources */ = {isa = PBXBuildFile; fileRef = 52E6D2C1228FDF5D00A8D6C2 /* ParlaInputToolbar.swift */; };
		52E6D2C4228FE43B00A8D6C2 /* ParlaInputToolbar.xib in Resources */ = {isa = PBXBuildFile; fileRef = 52E6D2C3228FE43B00A8D6C2 /* ParlaInputToolbar.xib */; };
		52E6D2C6228FFE7A00A8D6C2 /* VoiceMessageCellOutgoing.xib in Resources */ = {isa = PBXBuildFile; fileRef = 52E6D2C5228FFE7A00A8D6C2 /* VoiceMessageCellOutgoing.xib */; };
		52F7C70F2288275000459833 /* VoiceRecorder.swift in Sources */ = {isa = PBXBuildFile; fileRef = 52F7C70E2288275000459833 /* VoiceRecorder.swift */; };
		52F7C7112288300B00459833 /* VoicePlayer.swift in Sources */ = {isa = PBXBuildFile; fileRef = 52F7C7102288300B00459833 /* VoicePlayer.swift */; };
		52FB4DC32284155B001BF14E /* SenderLogic.swift in Sources */ = {isa = PBXBuildFile; fileRef = 52FB4DC22284155B001BF14E /* SenderLogic.swift */; };
		52FB4DC722841875001BF14E /* MessageLogic.swift in Sources */ = {isa = PBXBuildFile; fileRef = 52FB4DC622841875001BF14E /* MessageLogic.swift */; };
		52FB4DCB22841A60001BF14E /* Parla.swift in Sources */ = {isa = PBXBuildFile; fileRef = 52FB4DCA22841A60001BF14E /* Parla.swift */; };
		52FB4DCD22842D67001BF14E /* ImageViewer.swift in Sources */ = {isa = PBXBuildFile; fileRef = 52FB4DCC22842D67001BF14E /* ImageViewer.swift */; };
		52FB4DCF228433F6001BF14E /* ParlaView.swift in Sources */ = {isa = PBXBuildFile; fileRef = 52FB4DCE228433F6001BF14E /* ParlaView.swift */; };
		52FB4DD1228439DC001BF14E /* MessageCell.swift in Sources */ = {isa = PBXBuildFile; fileRef = 52FB4DD0228439DC001BF14E /* MessageCell.swift */; };
		52FB4DD32284576D001BF14E /* NewViewController.swift in Sources */ = {isa = PBXBuildFile; fileRef = 52FB4DD22284576D001BF14E /* NewViewController.swift */; };
		52FB4DD52284AAB0001BF14E /* VideoPlayer.swift in Sources */ = {isa = PBXBuildFile; fileRef = 52FB4DD42284AAB0001BF14E /* VideoPlayer.swift */; };
		52FB4DD72284AE89001BF14E /* OutgoingVideoMessageCell.xib in Resources */ = {isa = PBXBuildFile; fileRef = 52FB4DD62284AE89001BF14E /* OutgoingVideoMessageCell.xib */; };
		52FB4DD92284AED0001BF14E /* IncomingVideoMessageCell.xib in Resources */ = {isa = PBXBuildFile; fileRef = 52FB4DD82284AED0001BF14E /* IncomingVideoMessageCell.xib */; };
		76EAD7C4CC32E8B0755A82D4 /* Pods_parlaTests.framework in Frameworks */ = {isa = PBXBuildFile; fileRef = 0BCDFCBBE54D94DA41E0869D /* Pods_parlaTests.framework */; };
		E786FA49560A40F4D442072D /* Pods_parla.framework in Frameworks */ = {isa = PBXBuildFile; fileRef = BE3841403D16E995C75C0467 /* Pods_parla.framework */; };
/* End PBXBuildFile section */

/* Begin PBXContainerItemProxy section */
		5226116F2285EA4E00AA703E /* PBXContainerItemProxy */ = {
			isa = PBXContainerItemProxy;
			containerPortal = 527994362282C94500ACB791 /* Project object */;
			proxyType = 1;
			remoteGlobalIDString = 522611642285EA4E00AA703E;
			remoteInfo = ParlaKit;
		};
		527994532282C94700ACB791 /* PBXContainerItemProxy */ = {
			isa = PBXContainerItemProxy;
			containerPortal = 527994362282C94500ACB791 /* Project object */;
			proxyType = 1;
			remoteGlobalIDString = 5279943D2282C94500ACB791;
			remoteInfo = parla;
		};
/* End PBXContainerItemProxy section */

/* Begin PBXCopyFilesBuildPhase section */
		522611C92286145800AA703E /* CopyFiles */ = {
			isa = PBXCopyFilesBuildPhase;
			buildActionMask = 2147483647;
			dstPath = "";
			dstSubfolderSpec = 10;
			files = (
				522611CE228614C600AA703E /* SKPhotoBrowser.framework in CopyFiles */,
				522611CF228614C600AA703E /* MobilePlayer.framework in CopyFiles */,
			);
			runOnlyForDeploymentPostprocessing = 0;
		};
/* End PBXCopyFilesBuildPhase section */

/* Begin PBXFileReference section */
		0BCDFCBBE54D94DA41E0869D /* Pods_parlaTests.framework */ = {isa = PBXFileReference; explicitFileType = wrapper.framework; includeInIndex = 0; path = Pods_parlaTests.framework; sourceTree = BUILT_PRODUCTS_DIR; };
		1408B47793C81470808D10E1 /* Pods-parla.release.xcconfig */ = {isa = PBXFileReference; includeInIndex = 1; lastKnownFileType = text.xcconfig; name = "Pods-parla.release.xcconfig"; path = "Target Support Files/Pods-parla/Pods-parla.release.xcconfig"; sourceTree = "<group>"; };
		2925BB6411B1F7FD6D0E82FB /* Pods-parlaTests.debug.xcconfig */ = {isa = PBXFileReference; includeInIndex = 1; lastKnownFileType = text.xcconfig; name = "Pods-parlaTests.debug.xcconfig"; path = "Target Support Files/Pods-parlaTests/Pods-parlaTests.debug.xcconfig"; sourceTree = "<group>"; };
		2DB1E79FFEF83A4150A2FA89 /* Pods-ParlaKit.debug.xcconfig */ = {isa = PBXFileReference; includeInIndex = 1; lastKnownFileType = text.xcconfig; name = "Pods-ParlaKit.debug.xcconfig"; path = "Target Support Files/Pods-ParlaKit/Pods-ParlaKit.debug.xcconfig"; sourceTree = "<group>"; };
		520906FA228AEC84001BC7A8 /* UIPaintableImageView.xib */ = {isa = PBXFileReference; lastKnownFileType = file.xib; path = UIPaintableImageView.xib; sourceTree = "<group>"; };
		520906FC228AF4FB001BC7A8 /* UIPaintView.swift */ = {isa = PBXFileReference; lastKnownFileType = sourcecode.swift; path = UIPaintView.swift; sourceTree = "<group>"; };
		52090701228B0CB8001BC7A8 /* TestViewController.swift */ = {isa = PBXFileReference; lastKnownFileType = sourcecode.swift; path = TestViewController.swift; sourceTree = "<group>"; };
		5226115C22857B1D00AA703E /* MediaPicker.swift */ = {isa = PBXFileReference; lastKnownFileType = sourcecode.swift; path = MediaPicker.swift; sourceTree = "<group>"; };
		5226115E228587FD00AA703E /* AccessoryActionChooser.swift */ = {isa = PBXFileReference; lastKnownFileType = sourcecode.swift; path = AccessoryActionChooser.swift; sourceTree = "<group>"; };
		522611652285EA4E00AA703E /* ParlaKit.framework */ = {isa = PBXFileReference; explicitFileType = wrapper.framework; includeInIndex = 0; path = ParlaKit.framework; sourceTree = BUILT_PRODUCTS_DIR; };
		522611672285EA4E00AA703E /* ParlaKit.h */ = {isa = PBXFileReference; lastKnownFileType = sourcecode.c.h; path = ParlaKit.h; sourceTree = "<group>"; };
		522611682285EA4E00AA703E /* Info.plist */ = {isa = PBXFileReference; lastKnownFileType = text.plist.xml; path = Info.plist; sourceTree = "<group>"; };
		5226116D2285EA4E00AA703E /* ParlaKitTests.xctest */ = {isa = PBXFileReference; explicitFileType = wrapper.cfbundle; includeInIndex = 0; path = ParlaKitTests.xctest; sourceTree = BUILT_PRODUCTS_DIR; };
		522611722285EA4E00AA703E /* ParlaKitTests.swift */ = {isa = PBXFileReference; lastKnownFileType = sourcecode.swift; path = ParlaKitTests.swift; sourceTree = "<group>"; };
		522611742285EA4E00AA703E /* Info.plist */ = {isa = PBXFileReference; lastKnownFileType = text.plist.xml; path = Info.plist; sourceTree = "<group>"; };
		522611912285ECF500AA703E /* Pods_parla.framework */ = {isa = PBXFileReference; explicitFileType = wrapper.framework; path = Pods_parla.framework; sourceTree = BUILT_PRODUCTS_DIR; };
		522611932285ED2400AA703E /* MobilePlayer.framework */ = {isa = PBXFileReference; explicitFileType = wrapper.framework; path = MobilePlayer.framework; sourceTree = BUILT_PRODUCTS_DIR; };
		522611952285ED2800AA703E /* SKPhotoBrowser.framework */ = {isa = PBXFileReference; explicitFileType = wrapper.framework; path = SKPhotoBrowser.framework; sourceTree = BUILT_PRODUCTS_DIR; };
		522611992285EECF00AA703E /* MobilePlayer.framework */ = {isa = PBXFileReference; lastKnownFileType = wrapper.framework; name = MobilePlayer.framework; path = "../../../Library/Developer/Xcode/DerivedData/parla-dezhnxynwculdscnaijvjpuutdam/Build/Products/Debug-iphonesimulator/MobilePlayer/MobilePlayer.framework"; sourceTree = "<group>"; };
		5226119B2285EEDA00AA703E /* SKPhotoBrowser.framework */ = {isa = PBXFileReference; lastKnownFileType = wrapper.framework; name = SKPhotoBrowser.framework; path = "../../../Library/Developer/Xcode/DerivedData/parla-dezhnxynwculdscnaijvjpuutdam/Build/Products/Debug-iphonesimulator/SKPhotoBrowser/SKPhotoBrowser.framework"; sourceTree = "<group>"; };
		5226119D2285EF2300AA703E /* Pods_parla.framework */ = {isa = PBXFileReference; explicitFileType = wrapper.framework; path = Pods_parla.framework; sourceTree = BUILT_PRODUCTS_DIR; };
		5226119F2285EF2A00AA703E /* Pods_parla.framework */ = {isa = PBXFileReference; explicitFileType = wrapper.framework; path = Pods_parla.framework; sourceTree = BUILT_PRODUCTS_DIR; };
		522611CC228614C600AA703E /* SKPhotoBrowser.framework */ = {isa = PBXFileReference; lastKnownFileType = wrapper.framework; path = SKPhotoBrowser.framework; sourceTree = "<group>"; };
		522611CD228614C600AA703E /* MobilePlayer.framework */ = {isa = PBXFileReference; lastKnownFileType = wrapper.framework; path = MobilePlayer.framework; sourceTree = "<group>"; };
		523D8C87228C651F00EE3736 /* MapImageGenerator.swift */ = {isa = PBXFileReference; lastKnownFileType = sourcecode.swift; path = MapImageGenerator.swift; sourceTree = "<group>"; };
		52710E3C228F3F330003D634 /* domenico.jpeg */ = {isa = PBXFileReference; lastKnownFileType = image.jpeg; path = domenico.jpeg; sourceTree = "<group>"; };
		52710E3E228F42420003D634 /* chiara.jpg */ = {isa = PBXFileReference; lastKnownFileType = image.jpeg; path = chiara.jpg; sourceTree = "<group>"; };
		52710E40228F436E0003D634 /* mondello.mp4 */ = {isa = PBXFileReference; lastKnownFileType = file; path = mondello.mp4; sourceTree = "<group>"; };
		52710E41228F43FD0003D634 /* mondello-beach.jpg */ = {isa = PBXFileReference; lastKnownFileType = image.jpeg; path = "mondello-beach.jpg"; sourceTree = "<group>"; };
		52710E44228F56A00003D634 /* Simulator Screen Shot - iPhone Xʀ - 2019-05-17 at 22.45.52.png */ = {isa = PBXFileReference; lastKnownFileType = image.png; path = "Simulator Screen Shot - iPhone Xʀ - 2019-05-17 at 22.45.52.png"; sourceTree = "<group>"; };
		52710E46228F59030003D634 /* Simulator Screen Shot - iPhone Xʀ - 2019-05-17 at 23.02.21.png */ = {isa = PBXFileReference; lastKnownFileType = image.png; path = "Simulator Screen Shot - iPhone Xʀ - 2019-05-17 at 23.02.21.png"; sourceTree = "<group>"; };
		5279943E2282C94500ACB791 /* parla.app */ = {isa = PBXFileReference; explicitFileType = wrapper.application; includeInIndex = 0; path = parla.app; sourceTree = BUILT_PRODUCTS_DIR; };
		527994412282C94500ACB791 /* AppDelegate.swift */ = {isa = PBXFileReference; lastKnownFileType = sourcecode.swift; path = AppDelegate.swift; sourceTree = "<group>"; };
		527994462282C94500ACB791 /* Base */ = {isa = PBXFileReference; lastKnownFileType = file.storyboard; name = Base; path = Base.lproj/Main.storyboard; sourceTree = "<group>"; };
		527994482282C94700ACB791 /* Assets.xcassets */ = {isa = PBXFileReference; lastKnownFileType = folder.assetcatalog; path = Assets.xcassets; sourceTree = "<group>"; };
		5279944B2282C94700ACB791 /* Base */ = {isa = PBXFileReference; lastKnownFileType = file.storyboard; name = Base; path = Base.lproj/LaunchScreen.storyboard; sourceTree = "<group>"; };
		5279944D2282C94700ACB791 /* Info.plist */ = {isa = PBXFileReference; lastKnownFileType = text.plist.xml; path = Info.plist; sourceTree = "<group>"; };
		527994522282C94700ACB791 /* parlaTests.xctest */ = {isa = PBXFileReference; explicitFileType = wrapper.cfbundle; includeInIndex = 0; path = parlaTests.xctest; sourceTree = BUILT_PRODUCTS_DIR; };
		527994562282C94700ACB791 /* parlaTests.swift */ = {isa = PBXFileReference; lastKnownFileType = sourcecode.swift; path = parlaTests.swift; sourceTree = "<group>"; };
		527994582282C94700ACB791 /* Info.plist */ = {isa = PBXFileReference; lastKnownFileType = text.plist.xml; path = Info.plist; sourceTree = "<group>"; };
		527994622282CA3C00ACB791 /* avatarDefault.png */ = {isa = PBXFileReference; lastKnownFileType = image.png; path = avatarDefault.png; sourceTree = "<group>"; };
		527994632282CA3C00ACB791 /* play100.png */ = {isa = PBXFileReference; lastKnownFileType = image.png; path = play100.png; sourceTree = "<group>"; };
		527994642282CA3D00ACB791 /* video.mp4 */ = {isa = PBXFileReference; lastKnownFileType = file; path = video.mp4; sourceTree = "<group>"; };
		527994652282CA3D00ACB791 /* play_blu.png */ = {isa = PBXFileReference; lastKnownFileType = image.png; path = play_blu.png; sourceTree = "<group>"; };
		527994662282CA3D00ACB791 /* pause100.png */ = {isa = PBXFileReference; lastKnownFileType = image.png; path = pause100.png; sourceTree = "<group>"; };
		527994672282CA3D00ACB791 /* doc.jpg */ = {isa = PBXFileReference; lastKnownFileType = image.jpeg; path = doc.jpg; sourceTree = "<group>"; };
		527994682282CA3D00ACB791 /* Imagine.mp3 */ = {isa = PBXFileReference; lastKnownFileType = audio.mp3; path = Imagine.mp3; sourceTree = "<group>"; };
		527994692282CA3D00ACB791 /* play.png */ = {isa = PBXFileReference; lastKnownFileType = image.png; path = play.png; sourceTree = "<group>"; };
		5279946A2282CA3D00ACB791 /* play40.png */ = {isa = PBXFileReference; lastKnownFileType = image.png; path = play40.png; sourceTree = "<group>"; };
		5279946B2282CA3D00ACB791 /* Microphone-100.png */ = {isa = PBXFileReference; lastKnownFileType = image.png; path = "Microphone-100.png"; sourceTree = "<group>"; };
		527994782282CAA500ACB791 /* SConfig.swift */ = {isa = PBXFileReference; fileEncoding = 4; lastKnownFileType = sourcecode.swift; path = SConfig.swift; sourceTree = "<group>"; };
		527994792282CAA500ACB791 /* Extensions.swift */ = {isa = PBXFileReference; fileEncoding = 4; lastKnownFileType = sourcecode.swift; path = Extensions.swift; sourceTree = "<group>"; };
		5279947A2282CAA500ACB791 /* UIPaddingLabel.swift */ = {isa = PBXFileReference; fileEncoding = 4; lastKnownFileType = sourcecode.swift; path = UIPaddingLabel.swift; sourceTree = "<group>"; };
		5279947B2282CAA600ACB791 /* ViewHolder.swift */ = {isa = PBXFileReference; fileEncoding = 4; lastKnownFileType = sourcecode.swift; path = ViewHolder.swift; sourceTree = "<group>"; };
		5279947C2282CAA600ACB791 /* SSender.swift */ = {isa = PBXFileReference; fileEncoding = 4; lastKnownFileType = sourcecode.swift; path = SSender.swift; sourceTree = "<group>"; };
		5279947D2282CAA600ACB791 /* AbstractBubble.swift */ = {isa = PBXFileReference; fileEncoding = 4; lastKnownFileType = sourcecode.swift; path = AbstractBubble.swift; sourceTree = "<group>"; };
		5279947E2282CAA600ACB791 /* BubbleTextViewHolder.swift */ = {isa = PBXFileReference; fileEncoding = 4; lastKnownFileType = sourcecode.swift; path = BubbleTextViewHolder.swift; sourceTree = "<group>"; };
		5279947F2282CAA600ACB791 /* BubbleViewCell.swift */ = {isa = PBXFileReference; fileEncoding = 4; lastKnownFileType = sourcecode.swift; path = BubbleViewCell.swift; sourceTree = "<group>"; };
		527994802282CAA600ACB791 /* SMessage.swift */ = {isa = PBXFileReference; fileEncoding = 4; lastKnownFileType = sourcecode.swift; path = SMessage.swift; sourceTree = "<group>"; };
		527994812282CAA600ACB791 /* CellSizeCalculator.swift */ = {isa = PBXFileReference; fileEncoding = 4; lastKnownFileType = sourcecode.swift; path = CellSizeCalculator.swift; sourceTree = "<group>"; };
		527994822282CAA600ACB791 /* BubbleImageViewHolder.swift */ = {isa = PBXFileReference; fileEncoding = 4; lastKnownFileType = sourcecode.swift; path = BubbleImageViewHolder.swift; sourceTree = "<group>"; };
		527994832282CAA600ACB791 /* BubbleDataSource.swift */ = {isa = PBXFileReference; fileEncoding = 4; lastKnownFileType = sourcecode.swift; path = BubbleDataSource.swift; sourceTree = "<group>"; };
		527994912282CAC400ACB791 /* CellBubble.swift */ = {isa = PBXFileReference; fileEncoding = 4; lastKnownFileType = sourcecode.swift; path = CellBubble.swift; sourceTree = "<group>"; };
		527994922282CAC400ACB791 /* ChatViewController.swift */ = {isa = PBXFileReference; fileEncoding = 4; lastKnownFileType = sourcecode.swift; path = ChatViewController.swift; sourceTree = "<group>"; };
		527994932282CAC500ACB791 /* ViewController.swift */ = {isa = PBXFileReference; fileEncoding = 4; lastKnownFileType = sourcecode.swift; path = ViewController.swift; sourceTree = "<group>"; };
		527994972282CAFC00ACB791 /* DebuggingStuff.swift */ = {isa = PBXFileReference; fileEncoding = 4; lastKnownFileType = sourcecode.swift; path = DebuggingStuff.swift; sourceTree = "<group>"; };
		5279949B2282D11A00ACB791 /* BubbleDelegate.swift */ = {isa = PBXFileReference; fileEncoding = 4; lastKnownFileType = sourcecode.swift; path = BubbleDelegate.swift; sourceTree = "<group>"; };
		527994A12282E96300ACB791 /* IncomingTextMessageCell.xib */ = {isa = PBXFileReference; fileEncoding = 4; lastKnownFileType = file.xib; path = IncomingTextMessageCell.xib; sourceTree = "<group>"; };
		527994A22282E96300ACB791 /* ParlaCollectionView.xib */ = {isa = PBXFileReference; fileEncoding = 4; lastKnownFileType = file.xib; path = ParlaCollectionView.xib; sourceTree = "<group>"; };
		527994A32282E96300ACB791 /* OutgoingImageMessageCell.xib */ = {isa = PBXFileReference; fileEncoding = 4; lastKnownFileType = file.xib; path = OutgoingImageMessageCell.xib; sourceTree = "<group>"; };
		527994A42282E96300ACB791 /* IncomingImageMessageCell.xib */ = {isa = PBXFileReference; fileEncoding = 4; lastKnownFileType = file.xib; path = IncomingImageMessageCell.xib; sourceTree = "<group>"; };
		527994A52282E96300ACB791 /* OutgoingTextMessageCell.xib */ = {isa = PBXFileReference; fileEncoding = 4; lastKnownFileType = file.xib; path = OutgoingTextMessageCell.xib; sourceTree = "<group>"; };
		527994AB2283079800ACB791 /* VoiceMessageCellIncoming.xib */ = {isa = PBXFileReference; lastKnownFileType = file.xib; path = VoiceMessageCellIncoming.xib; sourceTree = "<group>"; };
		52B15A1322897B6800690FC8 /* DrawingViewController.swift */ = {isa = PBXFileReference; lastKnownFileType = sourcecode.swift; path = DrawingViewController.swift; sourceTree = "<group>"; };
		52B15A152289F9F200690FC8 /* UIPaintableImageView.swift */ = {isa = PBXFileReference; lastKnownFileType = sourcecode.swift; path = UIPaintableImageView.swift; sourceTree = "<group>"; };
		52BB818D228D71BD00D3904C /* UIMicrophoneView.swift */ = {isa = PBXFileReference; lastKnownFileType = sourcecode.swift; path = UIMicrophoneView.swift; sourceTree = "<group>"; };
		52E6D2C1228FDF5D00A8D6C2 /* ParlaInputToolbar.swift */ = {isa = PBXFileReference; lastKnownFileType = sourcecode.swift; path = ParlaInputToolbar.swift; sourceTree = "<group>"; };
		52E6D2C3228FE43B00A8D6C2 /* ParlaInputToolbar.xib */ = {isa = PBXFileReference; lastKnownFileType = file.xib; path = ParlaInputToolbar.xib; sourceTree = "<group>"; };
		52E6D2C5228FFE7A00A8D6C2 /* VoiceMessageCellOutgoing.xib */ = {isa = PBXFileReference; fileEncoding = 4; lastKnownFileType = file.xib; path = VoiceMessageCellOutgoing.xib; sourceTree = "<group>"; };
		52F7C70E2288275000459833 /* VoiceRecorder.swift */ = {isa = PBXFileReference; lastKnownFileType = sourcecode.swift; path = VoiceRecorder.swift; sourceTree = "<group>"; };
		52F7C7102288300B00459833 /* VoicePlayer.swift */ = {isa = PBXFileReference; lastKnownFileType = sourcecode.swift; path = VoicePlayer.swift; sourceTree = "<group>"; };
		52FB4DC22284155B001BF14E /* SenderLogic.swift */ = {isa = PBXFileReference; fileEncoding = 4; lastKnownFileType = sourcecode.swift; name = SenderLogic.swift; path = parla/Redesign/SenderLogic.swift; sourceTree = SOURCE_ROOT; };
		52FB4DC622841875001BF14E /* MessageLogic.swift */ = {isa = PBXFileReference; lastKnownFileType = sourcecode.swift; path = MessageLogic.swift; sourceTree = "<group>"; };
		52FB4DCA22841A60001BF14E /* Parla.swift */ = {isa = PBXFileReference; lastKnownFileType = sourcecode.swift; path = Parla.swift; sourceTree = "<group>"; };
		52FB4DCC22842D67001BF14E /* ImageViewer.swift */ = {isa = PBXFileReference; lastKnownFileType = sourcecode.swift; path = ImageViewer.swift; sourceTree = "<group>"; };
		52FB4DCE228433F6001BF14E /* ParlaView.swift */ = {isa = PBXFileReference; lastKnownFileType = sourcecode.swift; path = ParlaView.swift; sourceTree = "<group>"; };
		52FB4DD0228439DC001BF14E /* MessageCell.swift */ = {isa = PBXFileReference; lastKnownFileType = sourcecode.swift; path = MessageCell.swift; sourceTree = "<group>"; };
		52FB4DD22284576D001BF14E /* NewViewController.swift */ = {isa = PBXFileReference; lastKnownFileType = sourcecode.swift; path = NewViewController.swift; sourceTree = "<group>"; };
		52FB4DD42284AAB0001BF14E /* VideoPlayer.swift */ = {isa = PBXFileReference; lastKnownFileType = sourcecode.swift; path = VideoPlayer.swift; sourceTree = "<group>"; };
		52FB4DD62284AE89001BF14E /* OutgoingVideoMessageCell.xib */ = {isa = PBXFileReference; fileEncoding = 4; lastKnownFileType = file.xib; path = OutgoingVideoMessageCell.xib; sourceTree = "<group>"; };
		52FB4DD82284AED0001BF14E /* IncomingVideoMessageCell.xib */ = {isa = PBXFileReference; fileEncoding = 4; lastKnownFileType = file.xib; path = IncomingVideoMessageCell.xib; sourceTree = "<group>"; };
		5E75CA4B14BF60DEDB17CBFC /* Pods_ParlaKit.framework */ = {isa = PBXFileReference; explicitFileType = wrapper.framework; includeInIndex = 0; path = Pods_ParlaKit.framework; sourceTree = BUILT_PRODUCTS_DIR; };
		8E79302EB35E1A59CAFD2A78 /* Pods-parlaTests.release.xcconfig */ = {isa = PBXFileReference; includeInIndex = 1; lastKnownFileType = text.xcconfig; name = "Pods-parlaTests.release.xcconfig"; path = "Target Support Files/Pods-parlaTests/Pods-parlaTests.release.xcconfig"; sourceTree = "<group>"; };
		BE3841403D16E995C75C0467 /* Pods_parla.framework */ = {isa = PBXFileReference; explicitFileType = wrapper.framework; includeInIndex = 0; path = Pods_parla.framework; sourceTree = BUILT_PRODUCTS_DIR; };
		D25D1C435AAEEA8E8BD9F483 /* Pods-parla.debug.xcconfig */ = {isa = PBXFileReference; includeInIndex = 1; lastKnownFileType = text.xcconfig; name = "Pods-parla.debug.xcconfig"; path = "Target Support Files/Pods-parla/Pods-parla.debug.xcconfig"; sourceTree = "<group>"; };
		EF8BDEF8DBD5105320B899D7 /* Pods-ParlaKit.release.xcconfig */ = {isa = PBXFileReference; includeInIndex = 1; lastKnownFileType = text.xcconfig; name = "Pods-ParlaKit.release.xcconfig"; path = "Target Support Files/Pods-ParlaKit/Pods-ParlaKit.release.xcconfig"; sourceTree = "<group>"; };
/* End PBXFileReference section */

/* Begin PBXFrameworksBuildPhase section */
		522611622285EA4E00AA703E /* Frameworks */ = {
			isa = PBXFrameworksBuildPhase;
			buildActionMask = 2147483647;
			files = (
				361AE318ACE789F3A2AAD5D3 /* Pods_ParlaKit.framework in Frameworks */,
			);
			runOnlyForDeploymentPostprocessing = 0;
		};
		5226116A2285EA4E00AA703E /* Frameworks */ = {
			isa = PBXFrameworksBuildPhase;
			buildActionMask = 2147483647;
			files = (
				522611982285EDAF00AA703E /* ParlaKit.framework in Frameworks */,
			);
			runOnlyForDeploymentPostprocessing = 0;
		};
		5279943B2282C94500ACB791 /* Frameworks */ = {
			isa = PBXFrameworksBuildPhase;
			buildActionMask = 2147483647;
			files = (
				E786FA49560A40F4D442072D /* Pods_parla.framework in Frameworks */,
				29673DB6C61741307971DF53 /* Pods_parla.framework in Frameworks */,
			);
			runOnlyForDeploymentPostprocessing = 0;
		};
		5279944F2282C94700ACB791 /* Frameworks */ = {
			isa = PBXFrameworksBuildPhase;
			buildActionMask = 2147483647;
			files = (
				76EAD7C4CC32E8B0755A82D4 /* Pods_parlaTests.framework in Frameworks */,
			);
			runOnlyForDeploymentPostprocessing = 0;
		};
/* End PBXFrameworksBuildPhase section */

/* Begin PBXGroup section */
		5226115B2285661900AA703E /* Legacy code */ = {
			isa = PBXGroup;
			children = (
				52B15A1322897B6800690FC8 /* DrawingViewController.swift */,
				527994922282CAC400ACB791 /* ChatViewController.swift */,
				527994932282CAC500ACB791 /* ViewController.swift */,
				527994762282CA4300ACB791 /* Domain */,
			);
			path = "Legacy code";
			sourceTree = "<group>";
		};
		522611662285EA4E00AA703E /* ParlaKit */ = {
			isa = PBXGroup;
			children = (
				522611672285EA4E00AA703E /* ParlaKit.h */,
				522611682285EA4E00AA703E /* Info.plist */,
			);
			path = ParlaKit;
			sourceTree = "<group>";
		};
		522611712285EA4E00AA703E /* ParlaKitTests */ = {
			isa = PBXGroup;
			children = (
				522611722285EA4E00AA703E /* ParlaKitTests.swift */,
				522611742285EA4E00AA703E /* Info.plist */,
			);
			path = ParlaKitTests;
			sourceTree = "<group>";
		};
		52710E3B228F3F210003D634 /* Test Resources */ = {
			isa = PBXGroup;
			children = (
				52710E46228F59030003D634 /* Simulator Screen Shot - iPhone Xʀ - 2019-05-17 at 23.02.21.png */,
				52710E41228F43FD0003D634 /* mondello-beach.jpg */,
				52710E40228F436E0003D634 /* mondello.mp4 */,
				52710E44228F56A00003D634 /* Simulator Screen Shot - iPhone Xʀ - 2019-05-17 at 22.45.52.png */,
				52710E3E228F42420003D634 /* chiara.jpg */,
				52710E3C228F3F330003D634 /* domenico.jpeg */,
			);
			path = "Test Resources";
			sourceTree = "<group>";
		};
		527994352282C94500ACB791 = {
			isa = PBXGroup;
			children = (
				522611CD228614C600AA703E /* MobilePlayer.framework */,
				522611CC228614C600AA703E /* SKPhotoBrowser.framework */,
				527994402282C94500ACB791 /* parla */,
				527994552282C94700ACB791 /* parlaTests */,
				522611662285EA4E00AA703E /* ParlaKit */,
				522611712285EA4E00AA703E /* ParlaKitTests */,
				5279943F2282C94500ACB791 /* Products */,
				B07FDA34B9D9C56CA3DEAD89 /* Pods */,
				E200FFB25FAB39FA22F4A7C7 /* Frameworks */,
			);
			sourceTree = "<group>";
		};
		5279943F2282C94500ACB791 /* Products */ = {
			isa = PBXGroup;
			children = (
				5279943E2282C94500ACB791 /* parla.app */,
				527994522282C94700ACB791 /* parlaTests.xctest */,
				522611652285EA4E00AA703E /* ParlaKit.framework */,
				5226116D2285EA4E00AA703E /* ParlaKitTests.xctest */,
			);
			name = Products;
			sourceTree = "<group>";
		};
		527994402282C94500ACB791 /* parla */ = {
			isa = PBXGroup;
			children = (
				52710E3B228F3F210003D634 /* Test Resources */,
				52B15A1222897B5600690FC8 /* Drawing */,
				52FB4DC1228414E6001BF14E /* Redesign */,
				527994A02282E95200ACB791 /* Xib */,
				5226115B2285661900AA703E /* Legacy code */,
				527994612282C9FE00ACB791 /* Resources */,
				527994412282C94500ACB791 /* AppDelegate.swift */,
				527994452282C94500ACB791 /* Main.storyboard */,
				527994482282C94700ACB791 /* Assets.xcassets */,
				5279944A2282C94700ACB791 /* LaunchScreen.storyboard */,
				5279944D2282C94700ACB791 /* Info.plist */,
			);
			path = parla;
			sourceTree = "<group>";
		};
		527994552282C94700ACB791 /* parlaTests */ = {
			isa = PBXGroup;
			children = (
				527994562282C94700ACB791 /* parlaTests.swift */,
				527994582282C94700ACB791 /* Info.plist */,
			);
			path = parlaTests;
			sourceTree = "<group>";
		};
		527994612282C9FE00ACB791 /* Resources */ = {
			isa = PBXGroup;
			children = (
				527994622282CA3C00ACB791 /* avatarDefault.png */,
				527994672282CA3D00ACB791 /* doc.jpg */,
				527994682282CA3D00ACB791 /* Imagine.mp3 */,
				5279946B2282CA3D00ACB791 /* Microphone-100.png */,
				527994662282CA3D00ACB791 /* pause100.png */,
				527994652282CA3D00ACB791 /* play_blu.png */,
				527994692282CA3D00ACB791 /* play.png */,
				5279946A2282CA3D00ACB791 /* play40.png */,
				527994632282CA3C00ACB791 /* play100.png */,
				527994642282CA3D00ACB791 /* video.mp4 */,
			);
			path = Resources;
			sourceTree = "<group>";
		};
		527994762282CA4300ACB791 /* Domain */ = {
			isa = PBXGroup;
			children = (
				5279949E2282D40C00ACB791 /* Protocols */,
				5279949D2282D3D700ACB791 /* Bubble */,
				527994972282CAFC00ACB791 /* DebuggingStuff.swift */,
				527994812282CAA600ACB791 /* CellSizeCalculator.swift */,
				527994782282CAA500ACB791 /* SConfig.swift */,
				527994802282CAA600ACB791 /* SMessage.swift */,
				5279947C2282CAA600ACB791 /* SSender.swift */,
			);
			path = Domain;
			sourceTree = "<group>";
		};
		5279949D2282D3D700ACB791 /* Bubble */ = {
			isa = PBXGroup;
			children = (
				5279947B2282CAA600ACB791 /* ViewHolder.swift */,
				527994912282CAC400ACB791 /* CellBubble.swift */,
				5279947D2282CAA600ACB791 /* AbstractBubble.swift */,
				527994822282CAA600ACB791 /* BubbleImageViewHolder.swift */,
				5279947E2282CAA600ACB791 /* BubbleTextViewHolder.swift */,
				5279947F2282CAA600ACB791 /* BubbleViewCell.swift */,
			);
			path = Bubble;
			sourceTree = "<group>";
		};
		5279949E2282D40C00ACB791 /* Protocols */ = {
			isa = PBXGroup;
			children = (
				527994832282CAA600ACB791 /* BubbleDataSource.swift */,
				5279949B2282D11A00ACB791 /* BubbleDelegate.swift */,
			);
			path = Protocols;
			sourceTree = "<group>";
		};
		527994A02282E95200ACB791 /* Xib */ = {
			isa = PBXGroup;
			children = (
				527994A42282E96300ACB791 /* IncomingImageMessageCell.xib */,
				52FB4DD82284AED0001BF14E /* IncomingVideoMessageCell.xib */,
				527994A12282E96300ACB791 /* IncomingTextMessageCell.xib */,
				527994A32282E96300ACB791 /* OutgoingImageMessageCell.xib */,
				52FB4DD62284AE89001BF14E /* OutgoingVideoMessageCell.xib */,
				527994A52282E96300ACB791 /* OutgoingTextMessageCell.xib */,
				527994A22282E96300ACB791 /* ParlaCollectionView.xib */,
				527994AB2283079800ACB791 /* VoiceMessageCellIncoming.xib */,
				52E6D2C5228FFE7A00A8D6C2 /* VoiceMessageCellOutgoing.xib */,
				520906FA228AEC84001BC7A8 /* UIPaintableImageView.xib */,
				52E6D2C3228FE43B00A8D6C2 /* ParlaInputToolbar.xib */,
			);
			path = Xib;
			sourceTree = "<group>";
		};
		52B15A1222897B5600690FC8 /* Drawing */ = {
			isa = PBXGroup;
			children = (
				52B15A152289F9F200690FC8 /* UIPaintableImageView.swift */,
				520906FC228AF4FB001BC7A8 /* UIPaintView.swift */,
				52090701228B0CB8001BC7A8 /* TestViewController.swift */,
			);
			path = Drawing;
			sourceTree = "<group>";
		};
		52FB4DC1228414E6001BF14E /* Redesign */ = {
			isa = PBXGroup;
			children = (
				527994792282CAA500ACB791 /* Extensions.swift */,
				5279947A2282CAA500ACB791 /* UIPaddingLabel.swift */,
				52FB4DC22284155B001BF14E /* SenderLogic.swift */,
				52FB4DC622841875001BF14E /* MessageLogic.swift */,
				52FB4DCA22841A60001BF14E /* Parla.swift */,
				52FB4DCE228433F6001BF14E /* ParlaView.swift */,
				52FB4DD0228439DC001BF14E /* MessageCell.swift */,
				52FB4DD22284576D001BF14E /* NewViewController.swift */,
				52FB4DCC22842D67001BF14E /* ImageViewer.swift */,
				52FB4DD42284AAB0001BF14E /* VideoPlayer.swift */,
				5226115C22857B1D00AA703E /* MediaPicker.swift */,
				5226115E228587FD00AA703E /* AccessoryActionChooser.swift */,
				52F7C70E2288275000459833 /* VoiceRecorder.swift */,
				52F7C7102288300B00459833 /* VoicePlayer.swift */,
				523D8C87228C651F00EE3736 /* MapImageGenerator.swift */,
				52BB818D228D71BD00D3904C /* UIMicrophoneView.swift */,
				52E6D2C1228FDF5D00A8D6C2 /* ParlaInputToolbar.swift */,
			);
			path = Redesign;
			sourceTree = "<group>";
		};
		B07FDA34B9D9C56CA3DEAD89 /* Pods */ = {
			isa = PBXGroup;
			children = (
				D25D1C435AAEEA8E8BD9F483 /* Pods-parla.debug.xcconfig */,
				1408B47793C81470808D10E1 /* Pods-parla.release.xcconfig */,
				2925BB6411B1F7FD6D0E82FB /* Pods-parlaTests.debug.xcconfig */,
				8E79302EB35E1A59CAFD2A78 /* Pods-parlaTests.release.xcconfig */,
				2DB1E79FFEF83A4150A2FA89 /* Pods-ParlaKit.debug.xcconfig */,
				EF8BDEF8DBD5105320B899D7 /* Pods-ParlaKit.release.xcconfig */,
			);
			path = Pods;
			sourceTree = "<group>";
		};
		E200FFB25FAB39FA22F4A7C7 /* Frameworks */ = {
			isa = PBXGroup;
			children = (
				5226119F2285EF2A00AA703E /* Pods_parla.framework */,
				5226119D2285EF2300AA703E /* Pods_parla.framework */,
				5226119B2285EEDA00AA703E /* SKPhotoBrowser.framework */,
				522611992285EECF00AA703E /* MobilePlayer.framework */,
				522611952285ED2800AA703E /* SKPhotoBrowser.framework */,
				522611932285ED2400AA703E /* MobilePlayer.framework */,
				522611912285ECF500AA703E /* Pods_parla.framework */,
				BE3841403D16E995C75C0467 /* Pods_parla.framework */,
				0BCDFCBBE54D94DA41E0869D /* Pods_parlaTests.framework */,
				5E75CA4B14BF60DEDB17CBFC /* Pods_ParlaKit.framework */,
			);
			name = Frameworks;
			sourceTree = "<group>";
		};
/* End PBXGroup section */

/* Begin PBXHeadersBuildPhase section */
		522611602285EA4E00AA703E /* Headers */ = {
			isa = PBXHeadersBuildPhase;
			buildActionMask = 2147483647;
			files = (
				522611752285EA4E00AA703E /* ParlaKit.h in Headers */,
			);
			runOnlyForDeploymentPostprocessing = 0;
		};
/* End PBXHeadersBuildPhase section */

/* Begin PBXNativeTarget section */
		522611642285EA4E00AA703E /* ParlaKit */ = {
			isa = PBXNativeTarget;
			buildConfigurationList = 522611762285EA4E00AA703E /* Build configuration list for PBXNativeTarget "ParlaKit" */;
			buildPhases = (
				784CCA52CECC776971832E3A /* [CP] Check Pods Manifest.lock */,
				522611602285EA4E00AA703E /* Headers */,
				522611612285EA4E00AA703E /* Sources */,
				522611622285EA4E00AA703E /* Frameworks */,
				522611632285EA4E00AA703E /* Resources */,
				522611C92286145800AA703E /* CopyFiles */,
			);
			buildRules = (
			);
			dependencies = (
			);
			name = ParlaKit;
			productName = ParlaKit;
			productReference = 522611652285EA4E00AA703E /* ParlaKit.framework */;
			productType = "com.apple.product-type.framework";
		};
		5226116C2285EA4E00AA703E /* ParlaKitTests */ = {
			isa = PBXNativeTarget;
			buildConfigurationList = 522611792285EA4E00AA703E /* Build configuration list for PBXNativeTarget "ParlaKitTests" */;
			buildPhases = (
				522611692285EA4E00AA703E /* Sources */,
				5226116A2285EA4E00AA703E /* Frameworks */,
				5226116B2285EA4E00AA703E /* Resources */,
			);
			buildRules = (
			);
			dependencies = (
				522611702285EA4E00AA703E /* PBXTargetDependency */,
			);
			name = ParlaKitTests;
			productName = ParlaKitTests;
			productReference = 5226116D2285EA4E00AA703E /* ParlaKitTests.xctest */;
			productType = "com.apple.product-type.bundle.unit-test";
		};
		5279943D2282C94500ACB791 /* parla */ = {
			isa = PBXNativeTarget;
			buildConfigurationList = 5279945B2282C94700ACB791 /* Build configuration list for PBXNativeTarget "parla" */;
			buildPhases = (
				481C7A136C2A962F824D2390 /* [CP] Check Pods Manifest.lock */,
				5279943A2282C94500ACB791 /* Sources */,
				5279943B2282C94500ACB791 /* Frameworks */,
				5279943C2282C94500ACB791 /* Resources */,
				A802CF977D6FA0E729554079 /* [CP] Embed Pods Frameworks */,
			);
			buildRules = (
			);
			dependencies = (
			);
			name = parla;
			productName = parla;
			productReference = 5279943E2282C94500ACB791 /* parla.app */;
			productType = "com.apple.product-type.application";
		};
		527994512282C94700ACB791 /* parlaTests */ = {
			isa = PBXNativeTarget;
			buildConfigurationList = 5279945E2282C94700ACB791 /* Build configuration list for PBXNativeTarget "parlaTests" */;
			buildPhases = (
				18035EBE40E4DE32F6282D53 /* [CP] Check Pods Manifest.lock */,
				5279944E2282C94700ACB791 /* Sources */,
				5279944F2282C94700ACB791 /* Frameworks */,
				527994502282C94700ACB791 /* Resources */,
			);
			buildRules = (
			);
			dependencies = (
				527994542282C94700ACB791 /* PBXTargetDependency */,
			);
			name = parlaTests;
			productName = parlaTests;
			productReference = 527994522282C94700ACB791 /* parlaTests.xctest */;
			productType = "com.apple.product-type.bundle.unit-test";
		};
/* End PBXNativeTarget section */

/* Begin PBXProject section */
		527994362282C94500ACB791 /* Project object */ = {
			isa = PBXProject;
			attributes = {
				LastSwiftUpdateCheck = 1020;
				LastUpgradeCheck = 1020;
				ORGANIZATIONNAME = com.cyclonesword;
				TargetAttributes = {
					522611642285EA4E00AA703E = {
						CreatedOnToolsVersion = 10.2.1;
					};
					5226116C2285EA4E00AA703E = {
						CreatedOnToolsVersion = 10.2.1;
					};
					5279943D2282C94500ACB791 = {
						CreatedOnToolsVersion = 10.2.1;
					};
					527994512282C94700ACB791 = {
						CreatedOnToolsVersion = 10.2.1;
						TestTargetID = 5279943D2282C94500ACB791;
					};
				};
			};
			buildConfigurationList = 527994392282C94500ACB791 /* Build configuration list for PBXProject "parla" */;
			compatibilityVersion = "Xcode 9.3";
			developmentRegion = en;
			hasScannedForEncodings = 0;
			knownRegions = (
				en,
				Base,
			);
			mainGroup = 527994352282C94500ACB791;
			productRefGroup = 5279943F2282C94500ACB791 /* Products */;
			projectDirPath = "";
			projectRoot = "";
			targets = (
				5279943D2282C94500ACB791 /* parla */,
				527994512282C94700ACB791 /* parlaTests */,
				522611642285EA4E00AA703E /* ParlaKit */,
				5226116C2285EA4E00AA703E /* ParlaKitTests */,
			);
		};
/* End PBXProject section */

/* Begin PBXResourcesBuildPhase section */
		522611632285EA4E00AA703E /* Resources */ = {
			isa = PBXResourcesBuildPhase;
			buildActionMask = 2147483647;
			files = (
				5226118D2285EAB700AA703E /* VoiceMessageCellIncoming.xib in Resources */,
				5226118B2285EAB700AA703E /* OutgoingTextMessageCell.xib in Resources */,
				522611862285EAB700AA703E /* IncomingImageMessageCell.xib in Resources */,
				522611892285EAB700AA703E /* OutgoingImageMessageCell.xib in Resources */,
				522611882285EAB700AA703E /* IncomingTextMessageCell.xib in Resources */,
				52090707228B27F9001BC7A8 /* UIPaintableImageView.xib in Resources */,
				5226118C2285EAB700AA703E /* ParlaCollectionView.xib in Resources */,
				522611872285EAB700AA703E /* IncomingVideoMessageCell.xib in Resources */,
				5226118F2285EBAC00AA703E /* Assets.xcassets in Resources */,
				5226118A2285EAB700AA703E /* OutgoingVideoMessageCell.xib in Resources */,
			);
			runOnlyForDeploymentPostprocessing = 0;
		};
		5226116B2285EA4E00AA703E /* Resources */ = {
			isa = PBXResourcesBuildPhase;
			buildActionMask = 2147483647;
			files = (
			);
			runOnlyForDeploymentPostprocessing = 0;
		};
		5279943C2282C94500ACB791 /* Resources */ = {
			isa = PBXResourcesBuildPhase;
			buildActionMask = 2147483647;
			files = (
				527994A92282E96300ACB791 /* IncomingImageMessageCell.xib in Resources */,
				5279946C2282CA3D00ACB791 /* avatarDefault.png in Resources */,
				527994A82282E96300ACB791 /* OutgoingImageMessageCell.xib in Resources */,
				52710E43228F443E0003D634 /* mondello.mp4 in Resources */,
				52FB4DD92284AED0001BF14E /* IncomingVideoMessageCell.xib in Resources */,
				5279946E2282CA3D00ACB791 /* video.mp4 in Resources */,
				52710E47228F59030003D634 /* Simulator Screen Shot - iPhone Xʀ - 2019-05-17 at 23.02.21.png in Resources */,
				5279946D2282CA3D00ACB791 /* play100.png in Resources */,
				527994712282CA3D00ACB791 /* doc.jpg in Resources */,
				5279946F2282CA3D00ACB791 /* play_blu.png in Resources */,
				5279944C2282C94700ACB791 /* LaunchScreen.storyboard in Resources */,
				527994492282C94700ACB791 /* Assets.xcassets in Resources */,
				52710E45228F56A00003D634 /* Simulator Screen Shot - iPhone Xʀ - 2019-05-17 at 22.45.52.png in Resources */,
				52FB4DD72284AE89001BF14E /* OutgoingVideoMessageCell.xib in Resources */,
				52710E3D228F3F330003D634 /* domenico.jpeg in Resources */,
				527994742282CA3D00ACB791 /* play40.png in Resources */,
				527994A72282E96300ACB791 /* ParlaCollectionView.xib in Resources */,
				520906FB228AEC84001BC7A8 /* UIPaintableImageView.xib in Resources */,
				52E6D2C4228FE43B00A8D6C2 /* ParlaInputToolbar.xib in Resources */,
				527994752282CA3D00ACB791 /* Microphone-100.png in Resources */,
				527994AC2283079800ACB791 /* VoiceMessageCellIncoming.xib in Resources */,
				52710E3F228F42420003D634 /* chiara.jpg in Resources */,
				527994AA2282E96300ACB791 /* OutgoingTextMessageCell.xib in Resources */,
				52710E42228F43FD0003D634 /* mondello-beach.jpg in Resources */,
				527994732282CA3D00ACB791 /* play.png in Resources */,
				527994A62282E96300ACB791 /* IncomingTextMessageCell.xib in Resources */,
				527994722282CA3D00ACB791 /* Imagine.mp3 in Resources */,
				527994702282CA3D00ACB791 /* pause100.png in Resources */,
				52E6D2C6228FFE7A00A8D6C2 /* VoiceMessageCellOutgoing.xib in Resources */,
				527994472282C94500ACB791 /* Main.storyboard in Resources */,
			);
			runOnlyForDeploymentPostprocessing = 0;
		};
		527994502282C94700ACB791 /* Resources */ = {
			isa = PBXResourcesBuildPhase;
			buildActionMask = 2147483647;
			files = (
			);
			runOnlyForDeploymentPostprocessing = 0;
		};
/* End PBXResourcesBuildPhase section */

/* Begin PBXShellScriptBuildPhase section */
		18035EBE40E4DE32F6282D53 /* [CP] Check Pods Manifest.lock */ = {
			isa = PBXShellScriptBuildPhase;
			buildActionMask = 2147483647;
			files = (
			);
			inputFileListPaths = (
			);
			inputPaths = (
				"${PODS_PODFILE_DIR_PATH}/Podfile.lock",
				"${PODS_ROOT}/Manifest.lock",
			);
			name = "[CP] Check Pods Manifest.lock";
			outputFileListPaths = (
			);
			outputPaths = (
				"$(DERIVED_FILE_DIR)/Pods-parlaTests-checkManifestLockResult.txt",
			);
			runOnlyForDeploymentPostprocessing = 0;
			shellPath = /bin/sh;
			shellScript = "diff \"${PODS_PODFILE_DIR_PATH}/Podfile.lock\" \"${PODS_ROOT}/Manifest.lock\" > /dev/null\nif [ $? != 0 ] ; then\n    # print error to STDERR\n    echo \"error: The sandbox is not in sync with the Podfile.lock. Run 'pod install' or update your CocoaPods installation.\" >&2\n    exit 1\nfi\n# This output is used by Xcode 'outputs' to avoid re-running this script phase.\necho \"SUCCESS\" > \"${SCRIPT_OUTPUT_FILE_0}\"\n";
			showEnvVarsInLog = 0;
		};
		481C7A136C2A962F824D2390 /* [CP] Check Pods Manifest.lock */ = {
			isa = PBXShellScriptBuildPhase;
			buildActionMask = 2147483647;
			files = (
			);
			inputFileListPaths = (
			);
			inputPaths = (
				"${PODS_PODFILE_DIR_PATH}/Podfile.lock",
				"${PODS_ROOT}/Manifest.lock",
			);
			name = "[CP] Check Pods Manifest.lock";
			outputFileListPaths = (
			);
			outputPaths = (
				"$(DERIVED_FILE_DIR)/Pods-parla-checkManifestLockResult.txt",
			);
			runOnlyForDeploymentPostprocessing = 0;
			shellPath = /bin/sh;
			shellScript = "diff \"${PODS_PODFILE_DIR_PATH}/Podfile.lock\" \"${PODS_ROOT}/Manifest.lock\" > /dev/null\nif [ $? != 0 ] ; then\n    # print error to STDERR\n    echo \"error: The sandbox is not in sync with the Podfile.lock. Run 'pod install' or update your CocoaPods installation.\" >&2\n    exit 1\nfi\n# This output is used by Xcode 'outputs' to avoid re-running this script phase.\necho \"SUCCESS\" > \"${SCRIPT_OUTPUT_FILE_0}\"\n";
			showEnvVarsInLog = 0;
		};
		784CCA52CECC776971832E3A /* [CP] Check Pods Manifest.lock */ = {
			isa = PBXShellScriptBuildPhase;
			buildActionMask = 2147483647;
			files = (
			);
			inputFileListPaths = (
			);
			inputPaths = (
				"${PODS_PODFILE_DIR_PATH}/Podfile.lock",
				"${PODS_ROOT}/Manifest.lock",
			);
			name = "[CP] Check Pods Manifest.lock";
			outputFileListPaths = (
			);
			outputPaths = (
				"$(DERIVED_FILE_DIR)/Pods-ParlaKit-checkManifestLockResult.txt",
			);
			runOnlyForDeploymentPostprocessing = 0;
			shellPath = /bin/sh;
			shellScript = "diff \"${PODS_PODFILE_DIR_PATH}/Podfile.lock\" \"${PODS_ROOT}/Manifest.lock\" > /dev/null\nif [ $? != 0 ] ; then\n    # print error to STDERR\n    echo \"error: The sandbox is not in sync with the Podfile.lock. Run 'pod install' or update your CocoaPods installation.\" >&2\n    exit 1\nfi\n# This output is used by Xcode 'outputs' to avoid re-running this script phase.\necho \"SUCCESS\" > \"${SCRIPT_OUTPUT_FILE_0}\"\n";
			showEnvVarsInLog = 0;
		};
		A802CF977D6FA0E729554079 /* [CP] Embed Pods Frameworks */ = {
			isa = PBXShellScriptBuildPhase;
			buildActionMask = 2147483647;
			files = (
			);
			inputFileListPaths = (
			);
			inputPaths = (
				"${PODS_ROOT}/Target Support Files/Pods-parla/Pods-parla-frameworks.sh",
				"${BUILT_PRODUCTS_DIR}/MobilePlayer/MobilePlayer.framework",
				"${BUILT_PRODUCTS_DIR}/SKPhotoBrowser/SKPhotoBrowser.framework",
			);
			name = "[CP] Embed Pods Frameworks";
			outputFileListPaths = (
			);
			outputPaths = (
				"${TARGET_BUILD_DIR}/${FRAMEWORKS_FOLDER_PATH}/MobilePlayer.framework",
				"${TARGET_BUILD_DIR}/${FRAMEWORKS_FOLDER_PATH}/SKPhotoBrowser.framework",
			);
			runOnlyForDeploymentPostprocessing = 0;
			shellPath = /bin/sh;
			shellScript = "\"${PODS_ROOT}/Target Support Files/Pods-parla/Pods-parla-frameworks.sh\"\n";
			showEnvVarsInLog = 0;
		};
/* End PBXShellScriptBuildPhase section */

/* Begin PBXSourcesBuildPhase section */
		522611612285EA4E00AA703E /* Sources */ = {
			isa = PBXSourcesBuildPhase;
			buildActionMask = 2147483647;
			files = (
				522611832285EA6200AA703E /* VideoPlayer.swift in Sources */,
				52090703228B2782001BC7A8 /* UIPaintView.swift in Sources */,
				522611842285EA6200AA703E /* MediaPicker.swift in Sources */,
				5226117E2285EA6200AA703E /* Parla.swift in Sources */,
				522611A22285F13300AA703E /* UIPaddingLabel.swift in Sources */,
				522611802285EA6200AA703E /* MessageCell.swift in Sources */,
				5226117D2285EA6200AA703E /* MessageLogic.swift in Sources */,
				522611A12285F13100AA703E /* Extensions.swift in Sources */,
				522611852285EA6200AA703E /* AccessoryActionChooser.swift in Sources */,
				5226117C2285EA6200AA703E /* SenderLogic.swift in Sources */,
				52090705228B2798001BC7A8 /* VoiceRecorder.swift in Sources */,
				52090704228B2785001BC7A8 /* UIPaintableImageView.swift in Sources */,
				5226117F2285EA6200AA703E /* ParlaView.swift in Sources */,
				52090706228B2798001BC7A8 /* VoicePlayer.swift in Sources */,
				522611822285EA6200AA703E /* ImageViewer.swift in Sources */,
			);
			runOnlyForDeploymentPostprocessing = 0;
		};
		522611692285EA4E00AA703E /* Sources */ = {
			isa = PBXSourcesBuildPhase;
			buildActionMask = 2147483647;
			files = (
				522611732285EA4E00AA703E /* ParlaKitTests.swift in Sources */,
			);
			runOnlyForDeploymentPostprocessing = 0;
		};
		5279943A2282C94500ACB791 /* Sources */ = {
			isa = PBXSourcesBuildPhase;
			buildActionMask = 2147483647;
			files = (
				5279948C2282CAA600ACB791 /* BubbleViewCell.swift in Sources */,
				5279948A2282CAA600ACB791 /* AbstractBubble.swift in Sources */,
				52090702228B0CB8001BC7A8 /* TestViewController.swift in Sources */,
				527994862282CAA600ACB791 /* Extensions.swift in Sources */,
				5226115D22857B1D00AA703E /* MediaPicker.swift in Sources */,
				52FB4DCF228433F6001BF14E /* ParlaView.swift in Sources */,
				52F7C70F2288275000459833 /* VoiceRecorder.swift in Sources */,
				52FB4DCD22842D67001BF14E /* ImageViewer.swift in Sources */,
				520906FD228AF4FB001BC7A8 /* UIPaintView.swift in Sources */,
				52FB4DC32284155B001BF14E /* SenderLogic.swift in Sources */,
				527994882282CAA600ACB791 /* ViewHolder.swift in Sources */,
				52FB4DD32284576D001BF14E /* NewViewController.swift in Sources */,
				527994852282CAA600ACB791 /* SConfig.swift in Sources */,
				527994902282CAA600ACB791 /* BubbleDataSource.swift in Sources */,
				527994942282CAC500ACB791 /* CellBubble.swift in Sources */,
				52F7C7112288300B00459833 /* VoicePlayer.swift in Sources */,
				527994892282CAA600ACB791 /* SSender.swift in Sources */,
				52FB4DCB22841A60001BF14E /* Parla.swift in Sources */,
				52E6D2C2228FDF5D00A8D6C2 /* ParlaInputToolbar.swift in Sources */,
				52BB818E228D71BD00D3904C /* UIMicrophoneView.swift in Sources */,
				5279948B2282CAA600ACB791 /* BubbleTextViewHolder.swift in Sources */,
				527994952282CAC500ACB791 /* ChatViewController.swift in Sources */,
				5226115F228587FD00AA703E /* AccessoryActionChooser.swift in Sources */,
				527994962282CAC500ACB791 /* ViewController.swift in Sources */,
				52B15A162289F9F200690FC8 /* UIPaintableImageView.swift in Sources */,
				52FB4DD52284AAB0001BF14E /* VideoPlayer.swift in Sources */,
				52B15A1422897B6800690FC8 /* DrawingViewController.swift in Sources */,
				5279948D2282CAA600ACB791 /* SMessage.swift in Sources */,
				5279949C2282D11A00ACB791 /* BubbleDelegate.swift in Sources */,
				52FB4DD1228439DC001BF14E /* MessageCell.swift in Sources */,
				527994872282CAA600ACB791 /* UIPaddingLabel.swift in Sources */,
				523D8C88228C651F00EE3736 /* MapImageGenerator.swift in Sources */,
				527994422282C94500ACB791 /* AppDelegate.swift in Sources */,
				527994992282CAFC00ACB791 /* DebuggingStuff.swift in Sources */,
				52FB4DC722841875001BF14E /* MessageLogic.swift in Sources */,
				5279948F2282CAA600ACB791 /* BubbleImageViewHolder.swift in Sources */,
				5279948E2282CAA600ACB791 /* CellSizeCalculator.swift in Sources */,
			);
			runOnlyForDeploymentPostprocessing = 0;
		};
		5279944E2282C94700ACB791 /* Sources */ = {
			isa = PBXSourcesBuildPhase;
			buildActionMask = 2147483647;
			files = (
				527994572282C94700ACB791 /* parlaTests.swift in Sources */,
			);
			runOnlyForDeploymentPostprocessing = 0;
		};
/* End PBXSourcesBuildPhase section */

/* Begin PBXTargetDependency section */
		522611702285EA4E00AA703E /* PBXTargetDependency */ = {
			isa = PBXTargetDependency;
			target = 522611642285EA4E00AA703E /* ParlaKit */;
			targetProxy = 5226116F2285EA4E00AA703E /* PBXContainerItemProxy */;
		};
		527994542282C94700ACB791 /* PBXTargetDependency */ = {
			isa = PBXTargetDependency;
			target = 5279943D2282C94500ACB791 /* parla */;
			targetProxy = 527994532282C94700ACB791 /* PBXContainerItemProxy */;
		};
/* End PBXTargetDependency section */

/* Begin PBXVariantGroup section */
		527994452282C94500ACB791 /* Main.storyboard */ = {
			isa = PBXVariantGroup;
			children = (
				527994462282C94500ACB791 /* Base */,
			);
			name = Main.storyboard;
			sourceTree = "<group>";
		};
		5279944A2282C94700ACB791 /* LaunchScreen.storyboard */ = {
			isa = PBXVariantGroup;
			children = (
				5279944B2282C94700ACB791 /* Base */,
			);
			name = LaunchScreen.storyboard;
			sourceTree = "<group>";
		};
/* End PBXVariantGroup section */

/* Begin XCBuildConfiguration section */
		522611772285EA4E00AA703E /* Debug */ = {
			isa = XCBuildConfiguration;
			baseConfigurationReference = 2DB1E79FFEF83A4150A2FA89 /* Pods-ParlaKit.debug.xcconfig */;
			buildSettings = {
				CODE_SIGN_IDENTITY = "";
				CODE_SIGN_STYLE = Automatic;
				CURRENT_PROJECT_VERSION = 1;
				DEFINES_MODULE = YES;
				DEVELOPMENT_TEAM = 23PQ7WQ52E;
				DYLIB_COMPATIBILITY_VERSION = 1;
				DYLIB_CURRENT_VERSION = 1;
				DYLIB_INSTALL_NAME_BASE = "@rpath";
				INFOPLIST_FILE = ParlaKit/Info.plist;
				INSTALL_PATH = "$(LOCAL_LIBRARY_DIR)/Frameworks";
				IPHONEOS_DEPLOYMENT_TARGET = 10.0;
				LD_RUNPATH_SEARCH_PATHS = (
					"$(inherited)",
					"@executable_path/Frameworks",
					"@loader_path/Frameworks",
				);
				PRODUCT_BUNDLE_IDENTIFIER = com.cyclonesword.ParlaKit;
				PRODUCT_NAME = "$(TARGET_NAME:c99extidentifier)";
				SKIP_INSTALL = YES;
				SWIFT_VERSION = 5.0;
				TARGETED_DEVICE_FAMILY = "1,2";
				VERSIONING_SYSTEM = "apple-generic";
				VERSION_INFO_PREFIX = "";
			};
			name = Debug;
		};
		522611782285EA4E00AA703E /* Release */ = {
			isa = XCBuildConfiguration;
			baseConfigurationReference = EF8BDEF8DBD5105320B899D7 /* Pods-ParlaKit.release.xcconfig */;
			buildSettings = {
				CODE_SIGN_IDENTITY = "";
				CODE_SIGN_STYLE = Automatic;
				CURRENT_PROJECT_VERSION = 1;
				DEFINES_MODULE = YES;
				DEVELOPMENT_TEAM = 23PQ7WQ52E;
				DYLIB_COMPATIBILITY_VERSION = 1;
				DYLIB_CURRENT_VERSION = 1;
				DYLIB_INSTALL_NAME_BASE = "@rpath";
				INFOPLIST_FILE = ParlaKit/Info.plist;
				INSTALL_PATH = "$(LOCAL_LIBRARY_DIR)/Frameworks";
				IPHONEOS_DEPLOYMENT_TARGET = 10.0;
				LD_RUNPATH_SEARCH_PATHS = (
					"$(inherited)",
					"@executable_path/Frameworks",
					"@loader_path/Frameworks",
				);
				PRODUCT_BUNDLE_IDENTIFIER = com.cyclonesword.ParlaKit;
				PRODUCT_NAME = "$(TARGET_NAME:c99extidentifier)";
				SKIP_INSTALL = YES;
				SWIFT_VERSION = 5.0;
				TARGETED_DEVICE_FAMILY = "1,2";
				VERSIONING_SYSTEM = "apple-generic";
				VERSION_INFO_PREFIX = "";
			};
			name = Release;
		};
		5226117A2285EA4E00AA703E /* Debug */ = {
			isa = XCBuildConfiguration;
			buildSettings = {
				ALWAYS_EMBED_SWIFT_STANDARD_LIBRARIES = YES;
				CODE_SIGN_STYLE = Automatic;
				DEVELOPMENT_TEAM = 23PQ7WQ52E;
				INFOPLIST_FILE = ParlaKitTests/Info.plist;
				LD_RUNPATH_SEARCH_PATHS = (
					"$(inherited)",
					"@executable_path/Frameworks",
					"@loader_path/Frameworks",
				);
				PRODUCT_BUNDLE_IDENTIFIER = com.cyclonesword.ParlaKitTests;
				PRODUCT_NAME = "$(TARGET_NAME)";
				SWIFT_VERSION = 5.0;
				TARGETED_DEVICE_FAMILY = "1,2";
			};
			name = Debug;
		};
		5226117B2285EA4E00AA703E /* Release */ = {
			isa = XCBuildConfiguration;
			buildSettings = {
				ALWAYS_EMBED_SWIFT_STANDARD_LIBRARIES = YES;
				CODE_SIGN_STYLE = Automatic;
				DEVELOPMENT_TEAM = 23PQ7WQ52E;
				INFOPLIST_FILE = ParlaKitTests/Info.plist;
				LD_RUNPATH_SEARCH_PATHS = (
					"$(inherited)",
					"@executable_path/Frameworks",
					"@loader_path/Frameworks",
				);
				PRODUCT_BUNDLE_IDENTIFIER = com.cyclonesword.ParlaKitTests;
				PRODUCT_NAME = "$(TARGET_NAME)";
				SWIFT_VERSION = 5.0;
				TARGETED_DEVICE_FAMILY = "1,2";
			};
			name = Release;
		};
		527994592282C94700ACB791 /* Debug */ = {
			isa = XCBuildConfiguration;
			buildSettings = {
				ALWAYS_SEARCH_USER_PATHS = NO;
				CLANG_ANALYZER_NONNULL = YES;
				CLANG_ANALYZER_NUMBER_OBJECT_CONVERSION = YES_AGGRESSIVE;
				CLANG_CXX_LANGUAGE_STANDARD = "gnu++14";
				CLANG_CXX_LIBRARY = "libc++";
				CLANG_ENABLE_MODULES = YES;
				CLANG_ENABLE_OBJC_ARC = YES;
				CLANG_ENABLE_OBJC_WEAK = YES;
				CLANG_WARN_BLOCK_CAPTURE_AUTORELEASING = YES;
				CLANG_WARN_BOOL_CONVERSION = YES;
				CLANG_WARN_COMMA = YES;
				CLANG_WARN_CONSTANT_CONVERSION = YES;
				CLANG_WARN_DEPRECATED_OBJC_IMPLEMENTATIONS = YES;
				CLANG_WARN_DIRECT_OBJC_ISA_USAGE = YES_ERROR;
				CLANG_WARN_DOCUMENTATION_COMMENTS = YES;
				CLANG_WARN_EMPTY_BODY = YES;
				CLANG_WARN_ENUM_CONVERSION = YES;
				CLANG_WARN_INFINITE_RECURSION = YES;
				CLANG_WARN_INT_CONVERSION = YES;
				CLANG_WARN_NON_LITERAL_NULL_CONVERSION = YES;
				CLANG_WARN_OBJC_IMPLICIT_RETAIN_SELF = YES;
				CLANG_WARN_OBJC_LITERAL_CONVERSION = YES;
				CLANG_WARN_OBJC_ROOT_CLASS = YES_ERROR;
				CLANG_WARN_RANGE_LOOP_ANALYSIS = YES;
				CLANG_WARN_STRICT_PROTOTYPES = YES;
				CLANG_WARN_SUSPICIOUS_MOVE = YES;
				CLANG_WARN_UNGUARDED_AVAILABILITY = YES_AGGRESSIVE;
				CLANG_WARN_UNREACHABLE_CODE = YES;
				CLANG_WARN__DUPLICATE_METHOD_MATCH = YES;
				CODE_SIGN_IDENTITY = "iPhone Developer";
				COPY_PHASE_STRIP = NO;
				DEBUG_INFORMATION_FORMAT = dwarf;
				ENABLE_STRICT_OBJC_MSGSEND = YES;
				ENABLE_TESTABILITY = YES;
				GCC_C_LANGUAGE_STANDARD = gnu11;
				GCC_DYNAMIC_NO_PIC = NO;
				GCC_NO_COMMON_BLOCKS = YES;
				GCC_OPTIMIZATION_LEVEL = 0;
				GCC_PREPROCESSOR_DEFINITIONS = (
					"DEBUG=1",
					"$(inherited)",
				);
				GCC_WARN_64_TO_32_BIT_CONVERSION = YES;
				GCC_WARN_ABOUT_RETURN_TYPE = YES_ERROR;
				GCC_WARN_UNDECLARED_SELECTOR = YES;
				GCC_WARN_UNINITIALIZED_AUTOS = YES_AGGRESSIVE;
				GCC_WARN_UNUSED_FUNCTION = YES;
				GCC_WARN_UNUSED_VARIABLE = YES;
				IPHONEOS_DEPLOYMENT_TARGET = 10.0;
				MTL_ENABLE_DEBUG_INFO = INCLUDE_SOURCE;
				MTL_FAST_MATH = YES;
				ONLY_ACTIVE_ARCH = YES;
				SDKROOT = iphoneos;
				SWIFT_ACTIVE_COMPILATION_CONDITIONS = DEBUG;
				SWIFT_OPTIMIZATION_LEVEL = "-Onone";
			};
			name = Debug;
		};
		5279945A2282C94700ACB791 /* Release */ = {
			isa = XCBuildConfiguration;
			buildSettings = {
				ALWAYS_SEARCH_USER_PATHS = NO;
				CLANG_ANALYZER_NONNULL = YES;
				CLANG_ANALYZER_NUMBER_OBJECT_CONVERSION = YES_AGGRESSIVE;
				CLANG_CXX_LANGUAGE_STANDARD = "gnu++14";
				CLANG_CXX_LIBRARY = "libc++";
				CLANG_ENABLE_MODULES = YES;
				CLANG_ENABLE_OBJC_ARC = YES;
				CLANG_ENABLE_OBJC_WEAK = YES;
				CLANG_WARN_BLOCK_CAPTURE_AUTORELEASING = YES;
				CLANG_WARN_BOOL_CONVERSION = YES;
				CLANG_WARN_COMMA = YES;
				CLANG_WARN_CONSTANT_CONVERSION = YES;
				CLANG_WARN_DEPRECATED_OBJC_IMPLEMENTATIONS = YES;
				CLANG_WARN_DIRECT_OBJC_ISA_USAGE = YES_ERROR;
				CLANG_WARN_DOCUMENTATION_COMMENTS = YES;
				CLANG_WARN_EMPTY_BODY = YES;
				CLANG_WARN_ENUM_CONVERSION = YES;
				CLANG_WARN_INFINITE_RECURSION = YES;
				CLANG_WARN_INT_CONVERSION = YES;
				CLANG_WARN_NON_LITERAL_NULL_CONVERSION = YES;
				CLANG_WARN_OBJC_IMPLICIT_RETAIN_SELF = YES;
				CLANG_WARN_OBJC_LITERAL_CONVERSION = YES;
				CLANG_WARN_OBJC_ROOT_CLASS = YES_ERROR;
				CLANG_WARN_RANGE_LOOP_ANALYSIS = YES;
				CLANG_WARN_STRICT_PROTOTYPES = YES;
				CLANG_WARN_SUSPICIOUS_MOVE = YES;
				CLANG_WARN_UNGUARDED_AVAILABILITY = YES_AGGRESSIVE;
				CLANG_WARN_UNREACHABLE_CODE = YES;
				CLANG_WARN__DUPLICATE_METHOD_MATCH = YES;
				CODE_SIGN_IDENTITY = "iPhone Developer";
				COPY_PHASE_STRIP = NO;
				DEBUG_INFORMATION_FORMAT = "dwarf-with-dsym";
				ENABLE_NS_ASSERTIONS = NO;
				ENABLE_STRICT_OBJC_MSGSEND = YES;
				GCC_C_LANGUAGE_STANDARD = gnu11;
				GCC_NO_COMMON_BLOCKS = YES;
				GCC_WARN_64_TO_32_BIT_CONVERSION = YES;
				GCC_WARN_ABOUT_RETURN_TYPE = YES_ERROR;
				GCC_WARN_UNDECLARED_SELECTOR = YES;
				GCC_WARN_UNINITIALIZED_AUTOS = YES_AGGRESSIVE;
				GCC_WARN_UNUSED_FUNCTION = YES;
				GCC_WARN_UNUSED_VARIABLE = YES;
				IPHONEOS_DEPLOYMENT_TARGET = 10.0;
				MTL_ENABLE_DEBUG_INFO = NO;
				MTL_FAST_MATH = YES;
				SDKROOT = iphoneos;
				SWIFT_COMPILATION_MODE = wholemodule;
				SWIFT_OPTIMIZATION_LEVEL = "-O";
				VALIDATE_PRODUCT = YES;
			};
			name = Release;
		};
		5279945C2282C94700ACB791 /* Debug */ = {
			isa = XCBuildConfiguration;
			baseConfigurationReference = D25D1C435AAEEA8E8BD9F483 /* Pods-parla.debug.xcconfig */;
			buildSettings = {
				ASSETCATALOG_COMPILER_APPICON_NAME = AppIcon;
				CODE_SIGN_STYLE = Automatic;
				DEVELOPMENT_TEAM = 23PQ7WQ52E;
				INFOPLIST_FILE = parla/Info.plist;
				IPHONEOS_DEPLOYMENT_TARGET = 10.0;
				LD_RUNPATH_SEARCH_PATHS = (
					"$(inherited)",
					"@executable_path/Frameworks",
				);
				PRODUCT_BUNDLE_IDENTIFIER = com.cyclonesword.parla;
				PRODUCT_NAME = "$(TARGET_NAME)";
				SWIFT_VERSION = 5.0;
				TARGETED_DEVICE_FAMILY = "1,2";
			};
			name = Debug;
		};
		5279945D2282C94700ACB791 /* Release */ = {
			isa = XCBuildConfiguration;
			baseConfigurationReference = 1408B47793C81470808D10E1 /* Pods-parla.release.xcconfig */;
			buildSettings = {
				ASSETCATALOG_COMPILER_APPICON_NAME = AppIcon;
				CODE_SIGN_STYLE = Automatic;
				DEVELOPMENT_TEAM = 23PQ7WQ52E;
				INFOPLIST_FILE = parla/Info.plist;
				IPHONEOS_DEPLOYMENT_TARGET = 10.0;
				LD_RUNPATH_SEARCH_PATHS = (
					"$(inherited)",
					"@executable_path/Frameworks",
				);
				PRODUCT_BUNDLE_IDENTIFIER = com.cyclonesword.parla;
				PRODUCT_NAME = "$(TARGET_NAME)";
				SWIFT_VERSION = 5.0;
				TARGETED_DEVICE_FAMILY = "1,2";
			};
			name = Release;
		};
		5279945F2282C94700ACB791 /* Debug */ = {
			isa = XCBuildConfiguration;
			baseConfigurationReference = 2925BB6411B1F7FD6D0E82FB /* Pods-parlaTests.debug.xcconfig */;
			buildSettings = {
				ALWAYS_EMBED_SWIFT_STANDARD_LIBRARIES = YES;
				BUNDLE_LOADER = "$(TEST_HOST)";
				CODE_SIGN_STYLE = Automatic;
				DEVELOPMENT_TEAM = 23PQ7WQ52E;
				INFOPLIST_FILE = parlaTests/Info.plist;
				LD_RUNPATH_SEARCH_PATHS = (
					"$(inherited)",
					"@executable_path/Frameworks",
					"@loader_path/Frameworks",
				);
				PRODUCT_BUNDLE_IDENTIFIER = com.cyclonesword.parlaTests;
				PRODUCT_NAME = "$(TARGET_NAME)";
				SWIFT_VERSION = 5.0;
				TARGETED_DEVICE_FAMILY = "1,2";
				TEST_HOST = "$(BUILT_PRODUCTS_DIR)/parla.app/parla";
			};
			name = Debug;
		};
		527994602282C94700ACB791 /* Release */ = {
			isa = XCBuildConfiguration;
			baseConfigurationReference = 8E79302EB35E1A59CAFD2A78 /* Pods-parlaTests.release.xcconfig */;
			buildSettings = {
				ALWAYS_EMBED_SWIFT_STANDARD_LIBRARIES = YES;
				BUNDLE_LOADER = "$(TEST_HOST)";
				CODE_SIGN_STYLE = Automatic;
				DEVELOPMENT_TEAM = 23PQ7WQ52E;
				INFOPLIST_FILE = parlaTests/Info.plist;
				LD_RUNPATH_SEARCH_PATHS = (
					"$(inherited)",
					"@executable_path/Frameworks",
					"@loader_path/Frameworks",
				);
				PRODUCT_BUNDLE_IDENTIFIER = com.cyclonesword.parlaTests;
				PRODUCT_NAME = "$(TARGET_NAME)";
				SWIFT_VERSION = 5.0;
				TARGETED_DEVICE_FAMILY = "1,2";
				TEST_HOST = "$(BUILT_PRODUCTS_DIR)/parla.app/parla";
			};
			name = Release;
		};
/* End XCBuildConfiguration section */

/* Begin XCConfigurationList section */
		522611762285EA4E00AA703E /* Build configuration list for PBXNativeTarget "ParlaKit" */ = {
			isa = XCConfigurationList;
			buildConfigurations = (
				522611772285EA4E00AA703E /* Debug */,
				522611782285EA4E00AA703E /* Release */,
			);
			defaultConfigurationIsVisible = 0;
			defaultConfigurationName = Release;
		};
		522611792285EA4E00AA703E /* Build configuration list for PBXNativeTarget "ParlaKitTests" */ = {
			isa = XCConfigurationList;
			buildConfigurations = (
				5226117A2285EA4E00AA703E /* Debug */,
				5226117B2285EA4E00AA703E /* Release */,
			);
			defaultConfigurationIsVisible = 0;
			defaultConfigurationName = Release;
		};
		527994392282C94500ACB791 /* Build configuration list for PBXProject "parla" */ = {
			isa = XCConfigurationList;
			buildConfigurations = (
				527994592282C94700ACB791 /* Debug */,
				5279945A2282C94700ACB791 /* Release */,
			);
			defaultConfigurationIsVisible = 0;
			defaultConfigurationName = Release;
		};
		5279945B2282C94700ACB791 /* Build configuration list for PBXNativeTarget "parla" */ = {
			isa = XCConfigurationList;
			buildConfigurations = (
				5279945C2282C94700ACB791 /* Debug */,
				5279945D2282C94700ACB791 /* Release */,
			);
			defaultConfigurationIsVisible = 0;
			defaultConfigurationName = Release;
		};
		5279945E2282C94700ACB791 /* Build configuration list for PBXNativeTarget "parlaTests" */ = {
			isa = XCConfigurationList;
			buildConfigurations = (
				5279945F2282C94700ACB791 /* Debug */,
				527994602282C94700ACB791 /* Release */,
			);
			defaultConfigurationIsVisible = 0;
			defaultConfigurationName = Release;
		};
/* End XCConfigurationList section */
	};
	rootObject = 527994362282C94500ACB791 /* Project object */;
}
